// !$*UTF8*$!
{
	archiveVersion = 1;
	classes = {
	};
	objectVersion = 56;
	objects = {

/* Begin PBXBuildFile section */
		D57B66C42A45EC8400E7A964 /* WidgetDemoApp.swift in Sources */ = {isa = PBXBuildFile; fileRef = D57B66C32A45EC8400E7A964 /* WidgetDemoApp.swift */; };
		D57B66C62A45EC8400E7A964 /* ContentView.swift in Sources */ = {isa = PBXBuildFile; fileRef = D57B66C52A45EC8400E7A964 /* ContentView.swift */; };
		D57B66C82A45EC8500E7A964 /* Assets.xcassets in Resources */ = {isa = PBXBuildFile; fileRef = D57B66C72A45EC8500E7A964 /* Assets.xcassets */; };
		D57B66CB2A45EC8500E7A964 /* Preview Assets.xcassets in Resources */ = {isa = PBXBuildFile; fileRef = D57B66CA2A45EC8500E7A964 /* Preview Assets.xcassets */; };
		D57B66D52A45EC8500E7A964 /* WidgetDemoTests.swift in Sources */ = {isa = PBXBuildFile; fileRef = D57B66D42A45EC8500E7A964 /* WidgetDemoTests.swift */; };
		D57B66DF2A45EC8500E7A964 /* WidgetDemoUITests.swift in Sources */ = {isa = PBXBuildFile; fileRef = D57B66DE2A45EC8500E7A964 /* WidgetDemoUITests.swift */; };
		D57B66E12A45EC8500E7A964 /* WidgetDemoUITestsLaunchTests.swift in Sources */ = {isa = PBXBuildFile; fileRef = D57B66E02A45EC8500E7A964 /* WidgetDemoUITestsLaunchTests.swift */; };
/* End PBXBuildFile section */

/* Begin PBXContainerItemProxy section */
		D57B66D12A45EC8500E7A964 /* PBXContainerItemProxy */ = {
			isa = PBXContainerItemProxy;
			containerPortal = D57B66B82A45EC8400E7A964 /* Project object */;
			proxyType = 1;
			remoteGlobalIDString = D57B66BF2A45EC8400E7A964;
			remoteInfo = WidgetDemo;
		};
		D57B66DB2A45EC8500E7A964 /* PBXContainerItemProxy */ = {
			isa = PBXContainerItemProxy;
			containerPortal = D57B66B82A45EC8400E7A964 /* Project object */;
			proxyType = 1;
			remoteGlobalIDString = D57B66BF2A45EC8400E7A964;
			remoteInfo = WidgetDemo;
		};
/* End PBXContainerItemProxy section */

/* Begin PBXFileReference section */
		D57B66C02A45EC8400E7A964 /* WidgetDemo.app */ = {isa = PBXFileReference; explicitFileType = wrapper.application; includeInIndex = 0; path = WidgetDemo.app; sourceTree = BUILT_PRODUCTS_DIR; };
		D57B66C32A45EC8400E7A964 /* WidgetDemoApp.swift */ = {isa = PBXFileReference; lastKnownFileType = sourcecode.swift; path = WidgetDemoApp.swift; sourceTree = "<group>"; };
		D57B66C52A45EC8400E7A964 /* ContentView.swift */ = {isa = PBXFileReference; lastKnownFileType = sourcecode.swift; path = ContentView.swift; sourceTree = "<group>"; };
		D57B66C72A45EC8500E7A964 /* Assets.xcassets */ = {isa = PBXFileReference; lastKnownFileType = folder.assetcatalog; path = Assets.xcassets; sourceTree = "<group>"; };
		D57B66CA2A45EC8500E7A964 /* Preview Assets.xcassets */ = {isa = PBXFileReference; lastKnownFileType = folder.assetcatalog; path = "Preview Assets.xcassets"; sourceTree = "<group>"; };
		D57B66D02A45EC8500E7A964 /* WidgetDemoTests.xctest */ = {isa = PBXFileReference; explicitFileType = wrapper.cfbundle; includeInIndex = 0; path = WidgetDemoTests.xctest; sourceTree = BUILT_PRODUCTS_DIR; };
		D57B66D42A45EC8500E7A964 /* WidgetDemoTests.swift */ = {isa = PBXFileReference; lastKnownFileType = sourcecode.swift; path = WidgetDemoTests.swift; sourceTree = "<group>"; };
		D57B66DA2A45EC8500E7A964 /* WidgetDemoUITests.xctest */ = {isa = PBXFileReference; explicitFileType = wrapper.cfbundle; includeInIndex = 0; path = WidgetDemoUITests.xctest; sourceTree = BUILT_PRODUCTS_DIR; };
		D57B66DE2A45EC8500E7A964 /* WidgetDemoUITests.swift */ = {isa = PBXFileReference; lastKnownFileType = sourcecode.swift; path = WidgetDemoUITests.swift; sourceTree = "<group>"; };
		D57B66E02A45EC8500E7A964 /* WidgetDemoUITestsLaunchTests.swift */ = {isa = PBXFileReference; lastKnownFileType = sourcecode.swift; path = WidgetDemoUITestsLaunchTests.swift; sourceTree = "<group>"; };
/* End PBXFileReference section */

/* Begin PBXFrameworksBuildPhase section */
		D57B66BD2A45EC8400E7A964 /* Frameworks */ = {
			isa = PBXFrameworksBuildPhase;
			buildActionMask = 2147483647;
			files = (
			);
			runOnlyForDeploymentPostprocessing = 0;
		};
		D57B66CD2A45EC8500E7A964 /* Frameworks */ = {
			isa = PBXFrameworksBuildPhase;
			buildActionMask = 2147483647;
			files = (
			);
			runOnlyForDeploymentPostprocessing = 0;
		};
		D57B66D72A45EC8500E7A964 /* Frameworks */ = {
			isa = PBXFrameworksBuildPhase;
			buildActionMask = 2147483647;
			files = (
			);
			runOnlyForDeploymentPostprocessing = 0;
		};
/* End PBXFrameworksBuildPhase section */

/* Begin PBXGroup section */
		D57B66B72A45EC8400E7A964 = {
			isa = PBXGroup;
			children = (
				D57B66C22A45EC8400E7A964 /* WidgetDemo */,
				D57B66D32A45EC8500E7A964 /* WidgetDemoTests */,
				D57B66DD2A45EC8500E7A964 /* WidgetDemoUITests */,
				D57B66C12A45EC8400E7A964 /* Products */,
			);
			sourceTree = "<group>";
		};
		D57B66C12A45EC8400E7A964 /* Products */ = {
			isa = PBXGroup;
			children = (
				D57B66C02A45EC8400E7A964 /* WidgetDemo.app */,
				D57B66D02A45EC8500E7A964 /* WidgetDemoTests.xctest */,
				D57B66DA2A45EC8500E7A964 /* WidgetDemoUITests.xctest */,
			);
			name = Products;
			sourceTree = "<group>";
		};
		D57B66C22A45EC8400E7A964 /* WidgetDemo */ = {
			isa = PBXGroup;
			children = (
				D57B66C32A45EC8400E7A964 /* WidgetDemoApp.swift */,
				D57B66C52A45EC8400E7A964 /* ContentView.swift */,
				D57B66C72A45EC8500E7A964 /* Assets.xcassets */,
				D57B66C92A45EC8500E7A964 /* Preview Content */,
			);
			path = WidgetDemo;
			sourceTree = "<group>";
		};
		D57B66C92A45EC8500E7A964 /* Preview Content */ = {
			isa = PBXGroup;
			children = (
				D57B66CA2A45EC8500E7A964 /* Preview Assets.xcassets */,
			);
			path = "Preview Content";
			sourceTree = "<group>";
		};
		D57B66D32A45EC8500E7A964 /* WidgetDemoTests */ = {
			isa = PBXGroup;
			children = (
				D57B66D42A45EC8500E7A964 /* WidgetDemoTests.swift */,
			);
			path = WidgetDemoTests;
			sourceTree = "<group>";
		};
		D57B66DD2A45EC8500E7A964 /* WidgetDemoUITests */ = {
			isa = PBXGroup;
			children = (
				D57B66DE2A45EC8500E7A964 /* WidgetDemoUITests.swift */,
				D57B66E02A45EC8500E7A964 /* WidgetDemoUITestsLaunchTests.swift */,
			);
			path = WidgetDemoUITests;
			sourceTree = "<group>";
		};
/* End PBXGroup section */

/* Begin PBXNativeTarget section */
		D57B66BF2A45EC8400E7A964 /* WidgetDemo */ = {
			isa = PBXNativeTarget;
			buildConfigurationList = D57B66E42A45EC8500E7A964 /* Build configuration list for PBXNativeTarget "WidgetDemo" */;
			buildPhases = (
				D57B66BC2A45EC8400E7A964 /* Sources */,
				D57B66BD2A45EC8400E7A964 /* Frameworks */,
				D57B66BE2A45EC8400E7A964 /* Resources */,
			);
			buildRules = (
			);
			dependencies = (
			);
			name = WidgetDemo;
			productName = WidgetDemo;
			productReference = D57B66C02A45EC8400E7A964 /* WidgetDemo.app */;
			productType = "com.apple.product-type.application";
		};
		D57B66CF2A45EC8500E7A964 /* WidgetDemoTests */ = {
			isa = PBXNativeTarget;
			buildConfigurationList = D57B66E72A45EC8500E7A964 /* Build configuration list for PBXNativeTarget "WidgetDemoTests" */;
			buildPhases = (
				D57B66CC2A45EC8500E7A964 /* Sources */,
				D57B66CD2A45EC8500E7A964 /* Frameworks */,
				D57B66CE2A45EC8500E7A964 /* Resources */,
			);
			buildRules = (
			);
			dependencies = (
				D57B66D22A45EC8500E7A964 /* PBXTargetDependency */,
			);
			name = WidgetDemoTests;
			productName = WidgetDemoTests;
			productReference = D57B66D02A45EC8500E7A964 /* WidgetDemoTests.xctest */;
			productType = "com.apple.product-type.bundle.unit-test";
		};
		D57B66D92A45EC8500E7A964 /* WidgetDemoUITests */ = {
			isa = PBXNativeTarget;
			buildConfigurationList = D57B66EA2A45EC8500E7A964 /* Build configuration list for PBXNativeTarget "WidgetDemoUITests" */;
			buildPhases = (
				D57B66D62A45EC8500E7A964 /* Sources */,
				D57B66D72A45EC8500E7A964 /* Frameworks */,
				D57B66D82A45EC8500E7A964 /* Resources */,
			);
			buildRules = (
			);
			dependencies = (
				D57B66DC2A45EC8500E7A964 /* PBXTargetDependency */,
			);
			name = WidgetDemoUITests;
			productName = WidgetDemoUITests;
			productReference = D57B66DA2A45EC8500E7A964 /* WidgetDemoUITests.xctest */;
			productType = "com.apple.product-type.bundle.ui-testing";
		};
/* End PBXNativeTarget section */

/* Begin PBXProject section */
		D57B66B82A45EC8400E7A964 /* Project object */ = {
			isa = PBXProject;
			attributes = {
				BuildIndependentTargetsInParallel = 1;
				LastSwiftUpdateCheck = 1430;
				LastUpgradeCheck = 1430;
				TargetAttributes = {
					D57B66BF2A45EC8400E7A964 = {
						CreatedOnToolsVersion = 14.3.1;
					};
					D57B66CF2A45EC8500E7A964 = {
						CreatedOnToolsVersion = 14.3.1;
						TestTargetID = D57B66BF2A45EC8400E7A964;
					};
					D57B66D92A45EC8500E7A964 = {
						CreatedOnToolsVersion = 14.3.1;
						TestTargetID = D57B66BF2A45EC8400E7A964;
					};
				};
			};
			buildConfigurationList = D57B66BB2A45EC8400E7A964 /* Build configuration list for PBXProject "WidgetDemo" */;
			compatibilityVersion = "Xcode 14.0";
			developmentRegion = en;
			hasScannedForEncodings = 0;
			knownRegions = (
				en,
				Base,
			);
			mainGroup = D57B66B72A45EC8400E7A964;
			productRefGroup = D57B66C12A45EC8400E7A964 /* Products */;
			projectDirPath = "";
			projectRoot = "";
			targets = (
				D57B66BF2A45EC8400E7A964 /* WidgetDemo */,
				D57B66CF2A45EC8500E7A964 /* WidgetDemoTests */,
				D57B66D92A45EC8500E7A964 /* WidgetDemoUITests */,
			);
		};
/* End PBXProject section */

/* Begin PBXResourcesBuildPhase section */
		D57B66BE2A45EC8400E7A964 /* Resources */ = {
			isa = PBXResourcesBuildPhase;
			buildActionMask = 2147483647;
			files = (
				D57B66CB2A45EC8500E7A964 /* Preview Assets.xcassets in Resources */,
				D57B66C82A45EC8500E7A964 /* Assets.xcassets in Resources */,
			);
			runOnlyForDeploymentPostprocessing = 0;
		};
		D57B66CE2A45EC8500E7A964 /* Resources */ = {
			isa = PBXResourcesBuildPhase;
			buildActionMask = 2147483647;
			files = (
			);
			runOnlyForDeploymentPostprocessing = 0;
		};
		D57B66D82A45EC8500E7A964 /* Resources */ = {
			isa = PBXResourcesBuildPhase;
			buildActionMask = 2147483647;
			files = (
			);
			runOnlyForDeploymentPostprocessing = 0;
		};
/* End PBXResourcesBuildPhase section */

/* Begin PBXSourcesBuildPhase section */
		D57B66BC2A45EC8400E7A964 /* Sources */ = {
			isa = PBXSourcesBuildPhase;
			buildActionMask = 2147483647;
			files = (
				D57B66C62A45EC8400E7A964 /* ContentView.swift in Sources */,
				D57B66C42A45EC8400E7A964 /* WidgetDemoApp.swift in Sources */,
			);
			runOnlyForDeploymentPostprocessing = 0;
		};
		D57B66CC2A45EC8500E7A964 /* Sources */ = {
			isa = PBXSourcesBuildPhase;
			buildActionMask = 2147483647;
			files = (
				D57B66D52A45EC8500E7A964 /* WidgetDemoTests.swift in Sources */,
			);
			runOnlyForDeploymentPostprocessing = 0;
		};
		D57B66D62A45EC8500E7A964 /* Sources */ = {
			isa = PBXSourcesBuildPhase;
			buildActionMask = 2147483647;
			files = (
				D57B66DF2A45EC8500E7A964 /* WidgetDemoUITests.swift in Sources */,
				D57B66E12A45EC8500E7A964 /* WidgetDemoUITestsLaunchTests.swift in Sources */,
			);
			runOnlyForDeploymentPostprocessing = 0;
		};
/* End PBXSourcesBuildPhase section */

/* Begin PBXTargetDependency section */
		D57B66D22A45EC8500E7A964 /* PBXTargetDependency */ = {
			isa = PBXTargetDependency;
			target = D57B66BF2A45EC8400E7A964 /* WidgetDemo */;
			targetProxy = D57B66D12A45EC8500E7A964 /* PBXContainerItemProxy */;
		};
		D57B66DC2A45EC8500E7A964 /* PBXTargetDependency */ = {
			isa = PBXTargetDependency;
			target = D57B66BF2A45EC8400E7A964 /* WidgetDemo */;
			targetProxy = D57B66DB2A45EC8500E7A964 /* PBXContainerItemProxy */;
		};
/* End PBXTargetDependency section */

/* Begin XCBuildConfiguration section */
		D57B66E22A45EC8500E7A964 /* Debug */ = {
			isa = XCBuildConfiguration;
			buildSettings = {
				ALWAYS_SEARCH_USER_PATHS = NO;
				CLANG_ANALYZER_NONNULL = YES;
				CLANG_ANALYZER_NUMBER_OBJECT_CONVERSION = YES_AGGRESSIVE;
				CLANG_CXX_LANGUAGE_STANDARD = "gnu++20";
				CLANG_ENABLE_MODULES = YES;
				CLANG_ENABLE_OBJC_ARC = YES;
				CLANG_ENABLE_OBJC_WEAK = YES;
				CLANG_WARN_BLOCK_CAPTURE_AUTORELEASING = YES;
				CLANG_WARN_BOOL_CONVERSION = YES;
				CLANG_WARN_COMMA = YES;
				CLANG_WARN_CONSTANT_CONVERSION = YES;
				CLANG_WARN_DEPRECATED_OBJC_IMPLEMENTATIONS = YES;
				CLANG_WARN_DIRECT_OBJC_ISA_USAGE = YES_ERROR;
				CLANG_WARN_DOCUMENTATION_COMMENTS = YES;
				CLANG_WARN_EMPTY_BODY = YES;
				CLANG_WARN_ENUM_CONVERSION = YES;
				CLANG_WARN_INFINITE_RECURSION = YES;
				CLANG_WARN_INT_CONVERSION = YES;
				CLANG_WARN_NON_LITERAL_NULL_CONVERSION = YES;
				CLANG_WARN_OBJC_IMPLICIT_RETAIN_SELF = YES;
				CLANG_WARN_OBJC_LITERAL_CONVERSION = YES;
				CLANG_WARN_OBJC_ROOT_CLASS = YES_ERROR;
				CLANG_WARN_QUOTED_INCLUDE_IN_FRAMEWORK_HEADER = YES;
				CLANG_WARN_RANGE_LOOP_ANALYSIS = YES;
				CLANG_WARN_STRICT_PROTOTYPES = YES;
				CLANG_WARN_SUSPICIOUS_MOVE = YES;
				CLANG_WARN_UNGUARDED_AVAILABILITY = YES_AGGRESSIVE;
				CLANG_WARN_UNREACHABLE_CODE = YES;
				CLANG_WARN__DUPLICATE_METHOD_MATCH = YES;
				COPY_PHASE_STRIP = NO;
				DEBUG_INFORMATION_FORMAT = dwarf;
				ENABLE_STRICT_OBJC_MSGSEND = YES;
				ENABLE_TESTABILITY = YES;
				GCC_C_LANGUAGE_STANDARD = gnu11;
				GCC_DYNAMIC_NO_PIC = NO;
				GCC_NO_COMMON_BLOCKS = YES;
				GCC_OPTIMIZATION_LEVEL = 0;
				GCC_PREPROCESSOR_DEFINITIONS = (
					"DEBUG=1",
					"$(inherited)",
				);
				GCC_WARN_64_TO_32_BIT_CONVERSION = YES;
				GCC_WARN_ABOUT_RETURN_TYPE = YES_ERROR;
				GCC_WARN_UNDECLARED_SELECTOR = YES;
				GCC_WARN_UNINITIALIZED_AUTOS = YES_AGGRESSIVE;
				GCC_WARN_UNUSED_FUNCTION = YES;
				GCC_WARN_UNUSED_VARIABLE = YES;
				IPHONEOS_DEPLOYMENT_TARGET = 16.4;
				MTL_ENABLE_DEBUG_INFO = INCLUDE_SOURCE;
				MTL_FAST_MATH = YES;
				ONLY_ACTIVE_ARCH = YES;
				SDKROOT = iphoneos;
				SWIFT_ACTIVE_COMPILATION_CONDITIONS = DEBUG;
				SWIFT_OPTIMIZATION_LEVEL = "-Onone";
			};
			name = Debug;
		};
		D57B66E32A45EC8500E7A964 /* Release */ = {
			isa = XCBuildConfiguration;
			buildSettings = {
				ALWAYS_SEARCH_USER_PATHS = NO;
				CLANG_ANALYZER_NONNULL = YES;
				CLANG_ANALYZER_NUMBER_OBJECT_CONVERSION = YES_AGGRESSIVE;
				CLANG_CXX_LANGUAGE_STANDARD = "gnu++20";
				CLANG_ENABLE_MODULES = YES;
				CLANG_ENABLE_OBJC_ARC = YES;
				CLANG_ENABLE_OBJC_WEAK = YES;
				CLANG_WARN_BLOCK_CAPTURE_AUTORELEASING = YES;
				CLANG_WARN_BOOL_CONVERSION = YES;
				CLANG_WARN_COMMA = YES;
				CLANG_WARN_CONSTANT_CONVERSION = YES;
				CLANG_WARN_DEPRECATED_OBJC_IMPLEMENTATIONS = YES;
				CLANG_WARN_DIRECT_OBJC_ISA_USAGE = YES_ERROR;
				CLANG_WARN_DOCUMENTATION_COMMENTS = YES;
				CLANG_WARN_EMPTY_BODY = YES;
				CLANG_WARN_ENUM_CONVERSION = YES;
				CLANG_WARN_INFINITE_RECURSION = YES;
				CLANG_WARN_INT_CONVERSION = YES;
				CLANG_WARN_NON_LITERAL_NULL_CONVERSION = YES;
				CLANG_WARN_OBJC_IMPLICIT_RETAIN_SELF = YES;
				CLANG_WARN_OBJC_LITERAL_CONVERSION = YES;
				CLANG_WARN_OBJC_ROOT_CLASS = YES_ERROR;
				CLANG_WARN_QUOTED_INCLUDE_IN_FRAMEWORK_HEADER = YES;
				CLANG_WARN_RANGE_LOOP_ANALYSIS = YES;
				CLANG_WARN_STRICT_PROTOTYPES = YES;
				CLANG_WARN_SUSPICIOUS_MOVE = YES;
				CLANG_WARN_UNGUARDED_AVAILABILITY = YES_AGGRESSIVE;
				CLANG_WARN_UNREACHABLE_CODE = YES;
				CLANG_WARN__DUPLICATE_METHOD_MATCH = YES;
				COPY_PHASE_STRIP = NO;
				DEBUG_INFORMATION_FORMAT = "dwarf-with-dsym";
				ENABLE_NS_ASSERTIONS = NO;
				ENABLE_STRICT_OBJC_MSGSEND = YES;
				GCC_C_LANGUAGE_STANDARD = gnu11;
				GCC_NO_COMMON_BLOCKS = YES;
				GCC_WARN_64_TO_32_BIT_CONVERSION = YES;
				GCC_WARN_ABOUT_RETURN_TYPE = YES_ERROR;
				GCC_WARN_UNDECLARED_SELECTOR = YES;
				GCC_WARN_UNINITIALIZED_AUTOS = YES_AGGRESSIVE;
				GCC_WARN_UNUSED_FUNCTION = YES;
				GCC_WARN_UNUSED_VARIABLE = YES;
				IPHONEOS_DEPLOYMENT_TARGET = 16.4;
				MTL_ENABLE_DEBUG_INFO = NO;
				MTL_FAST_MATH = YES;
				SDKROOT = iphoneos;
				SWIFT_COMPILATION_MODE = wholemodule;
				SWIFT_OPTIMIZATION_LEVEL = "-O";
				VALIDATE_PRODUCT = YES;
			};
			name = Release;
		};
		D57B66E52A45EC8500E7A964 /* Debug */ = {
			isa = XCBuildConfiguration;
			buildSettings = {
				ASSETCATALOG_COMPILER_APPICON_NAME = AppIcon;
				ASSETCATALOG_COMPILER_GLOBAL_ACCENT_COLOR_NAME = AccentColor;
				CODE_SIGN_STYLE = Automatic;
				CURRENT_PROJECT_VERSION = 1;
				DEVELOPMENT_ASSET_PATHS = "\"WidgetDemo/Preview Content\"";
				DEVELOPMENT_TEAM = SB52S4673U;
				ENABLE_PREVIEWS = YES;
				GENERATE_INFOPLIST_FILE = YES;
				INFOPLIST_KEY_UIApplicationSceneManifest_Generation = YES;
				INFOPLIST_KEY_UIApplicationSupportsIndirectInputEvents = YES;
				INFOPLIST_KEY_UILaunchScreen_Generation = YES;
				INFOPLIST_KEY_UISupportedInterfaceOrientations_iPad = "UIInterfaceOrientationPortrait UIInterfaceOrientationPortraitUpsideDown UIInterfaceOrientationLandscapeLeft UIInterfaceOrientationLandscapeRight";
				INFOPLIST_KEY_UISupportedInterfaceOrientations_iPhone = "UIInterfaceOrientationPortrait UIInterfaceOrientationLandscapeLeft UIInterfaceOrientationLandscapeRight";
				LD_RUNPATH_SEARCH_PATHS = (
					"$(inherited)",
					"@executable_path/Frameworks",
				);
				MARKETING_VERSION = 1.0;
				PRODUCT_BUNDLE_IDENTIFIER = com.codeWithAsem.WidgetDemo;
				PRODUCT_NAME = "$(TARGET_NAME)";
				SWIFT_EMIT_LOC_STRINGS = YES;
				SWIFT_VERSION = 5.0;
				TARGETED_DEVICE_FAMILY = "1,2";
			};
			name = Debug;
		};
		D57B66E62A45EC8500E7A964 /* Release */ = {
			isa = XCBuildConfiguration;
			buildSettings = {
				ASSETCATALOG_COMPILER_APPICON_NAME = AppIcon;
				ASSETCATALOG_COMPILER_GLOBAL_ACCENT_COLOR_NAME = AccentColor;
				CODE_SIGN_STYLE = Automatic;
				CURRENT_PROJECT_VERSION = 1;
				DEVELOPMENT_ASSET_PATHS = "\"WidgetDemo/Preview Content\"";
				DEVELOPMENT_TEAM = SB52S4673U;
				ENABLE_PREVIEWS = YES;
				GENERATE_INFOPLIST_FILE = YES;
				INFOPLIST_KEY_UIApplicationSceneManifest_Generation = YES;
				INFOPLIST_KEY_UIApplicationSupportsIndirectInputEvents = YES;
				INFOPLIST_KEY_UILaunchScreen_Generation = YES;
				INFOPLIST_KEY_UISupportedInterfaceOrientations_iPad = "UIInterfaceOrientationPortrait UIInterfaceOrientationPortraitUpsideDown UIInterfaceOrientationLandscapeLeft UIInterfaceOrientationLandscapeRight";
				INFOPLIST_KEY_UISupportedInterfaceOrientations_iPhone = "UIInterfaceOrientationPortrait UIInterfaceOrientationLandscapeLeft UIInterfaceOrientationLandscapeRight";
				LD_RUNPATH_SEARCH_PATHS = (
					"$(inherited)",
					"@executable_path/Frameworks",
				);
				MARKETING_VERSION = 1.0;
				PRODUCT_BUNDLE_IDENTIFIER = com.codeWithAsem.WidgetDemo;
				PRODUCT_NAME = "$(TARGET_NAME)";
				SWIFT_EMIT_LOC_STRINGS = YES;
				SWIFT_VERSION = 5.0;
				TARGETED_DEVICE_FAMILY = "1,2";
			};
			name = Release;
		};
		D57B66E82A45EC8500E7A964 /* Debug */ = {
			isa = XCBuildConfiguration;
			buildSettings = {
				ALWAYS_EMBED_SWIFT_STANDARD_LIBRARIES = YES;
				BUNDLE_LOADER = "$(TEST_HOST)";
				CODE_SIGN_STYLE = Automatic;
				CURRENT_PROJECT_VERSION = 1;
				DEVELOPMENT_TEAM = SB52S4673U;
				GENERATE_INFOPLIST_FILE = YES;
				IPHONEOS_DEPLOYMENT_TARGET = 16.4;
				MARKETING_VERSION = 1.0;
				PRODUCT_BUNDLE_IDENTIFIER = com.codeWithAsem.WidgetDemoTests;
				PRODUCT_NAME = "$(TARGET_NAME)";
				SWIFT_EMIT_LOC_STRINGS = NO;
				SWIFT_VERSION = 5.0;
				TARGETED_DEVICE_FAMILY = "1,2";
				TEST_HOST = "$(BUILT_PRODUCTS_DIR)/WidgetDemo.app/$(BUNDLE_EXECUTABLE_FOLDER_PATH)/WidgetDemo";
			};
			name = Debug;
		};
		D57B66E92A45EC8500E7A964 /* Release */ = {
			isa = XCBuildConfiguration;
			buildSettings = {
				ALWAYS_EMBED_SWIFT_STANDARD_LIBRARIES = YES;
				BUNDLE_LOADER = "$(TEST_HOST)";
				CODE_SIGN_STYLE = Automatic;
				CURRENT_PROJECT_VERSION = 1;
				DEVELOPMENT_TEAM = SB52S4673U;
				GENERATE_INFOPLIST_FILE = YES;
				IPHONEOS_DEPLOYMENT_TARGET = 16.4;
				MARKETING_VERSION = 1.0;
				PRODUCT_BUNDLE_IDENTIFIER = com.codeWithAsem.WidgetDemoTests;
				PRODUCT_NAME = "$(TARGET_NAME)";
				SWIFT_EMIT_LOC_STRINGS = NO;
				SWIFT_VERSION = 5.0;
				TARGETED_DEVICE_FAMILY = "1,2";
				TEST_HOST = "$(BUILT_PRODUCTS_DIR)/WidgetDemo.app/$(BUNDLE_EXECUTABLE_FOLDER_PATH)/WidgetDemo";
			};
			name = Release;
		};
		D57B66EB2A45EC8500E7A964 /* Debug */ = {
			isa = XCBuildConfiguration;
			buildSettings = {
				ALWAYS_EMBED_SWIFT_STANDARD_LIBRARIES = YES;
				CODE_SIGN_STYLE = Automatic;
				CURRENT_PROJECT_VERSION = 1;
				DEVELOPMENT_TEAM = SB52S4673U;
				GENERATE_INFOPLIST_FILE = YES;
				MARKETING_VERSION = 1.0;
				PRODUCT_BUNDLE_IDENTIFIER = com.codeWithAsem.WidgetDemoUITests;
				PRODUCT_NAME = "$(TARGET_NAME)";
				SWIFT_EMIT_LOC_STRINGS = NO;
				SWIFT_VERSION = 5.0;
				TARGETED_DEVICE_FAMILY = "1,2";
				TEST_TARGET_NAME = WidgetDemo;
			};
			name = Debug;
		};
		D57B66EC2A45EC8500E7A964 /* Release */ = {
			isa = XCBuildConfiguration;
			buildSettings = {
				ALWAYS_EMBED_SWIFT_STANDARD_LIBRARIES = YES;
				CODE_SIGN_STYLE = Automatic;
				CURRENT_PROJECT_VERSION = 1;
				DEVELOPMENT_TEAM = SB52S4673U;
				GENERATE_INFOPLIST_FILE = YES;
				MARKETING_VERSION = 1.0;
				PRODUCT_BUNDLE_IDENTIFIER = com.codeWithAsem.WidgetDemoUITests;
				PRODUCT_NAME = "$(TARGET_NAME)";
				SWIFT_EMIT_LOC_STRINGS = NO;
				SWIFT_VERSION = 5.0;
				TARGETED_DEVICE_FAMILY = "1,2";
				TEST_TARGET_NAME = WidgetDemo;
			};
			name = Release;
		};
/* End XCBuildConfiguration section */

/* Begin XCConfigurationList section */
		D57B66BB2A45EC8400E7A964 /* Build configuration list for PBXProject "WidgetDemo" */ = {
			isa = XCConfigurationList;
			buildConfigurations = (
				D57B66E22A45EC8500E7A964 /* Debug */,
				D57B66E32A45EC8500E7A964 /* Release */,
			);
			defaultConfigurationIsVisible = 0;
			defaultConfigurationName = Release;
		};
		D57B66E42A45EC8500E7A964 /* Build configuration list for PBXNativeTarget "WidgetDemo" */ = {
			isa = XCConfigurationList;
			buildConfigurations = (
				D57B66E52A45EC8500E7A964 /* Debug */,
				D57B66E62A45EC8500E7A964 /* Release */,
			);
			defaultConfigurationIsVisible = 0;
			defaultConfigurationName = Release;
		};
		D57B66E72A45EC8500E7A964 /* Build configuration list for PBXNativeTarget "WidgetDemoTests" */ = {
			isa = XCConfigurationList;
			buildConfigurations = (
				D57B66E82A45EC8500E7A964 /* Debug */,
				D57B66E92A45EC8500E7A964 /* Release */,
			);
			defaultConfigurationIsVisible = 0;
			defaultConfigurationName = Release;
		};
		D57B66EA2A45EC8500E7A964 /* Build configuration list for PBXNativeTarget "WidgetDemoUITests" */ = {
			isa = XCConfigurationList;
			buildConfigurations = (
				D57B66EB2A45EC8500E7A964 /* Debug */,
				D57B66EC2A45EC8500E7A964 /* Release */,
			);
			defaultConfigurationIsVisible = 0;
			defaultConfigurationName = Release;
		};
/* End XCConfigurationList section */
	};
	rootObject = D57B66B82A45EC8400E7A964 /* Project object */;
}
